// !$*UTF8*$!
{
	archiveVersion = 1;
	classes = {
	};
	objectVersion = 56;
	objects = {

/* Begin PBXBuildFile section */
		D5783A5729AE93ED00260C20 /* Record.swift in Sources */ = {isa = PBXBuildFile; fileRef = D5783A5629AE93ED00260C20 /* Record.swift */; };
		D5783A5929AE940F00260C20 /* Extensions.swift in Sources */ = {isa = PBXBuildFile; fileRef = D5783A5829AE940F00260C20 /* Extensions.swift */; };
		D5CA0001296726BE00A8221E /* notebookApp.swift in Sources */ = {isa = PBXBuildFile; fileRef = D5CA0000296726BE00A8221E /* notebookApp.swift */; };
		D5CA0003296726BE00A8221E /* ContentView.swift in Sources */ = {isa = PBXBuildFile; fileRef = D5CA0002296726BE00A8221E /* ContentView.swift */; };
		D5CA0005296726BF00A8221E /* Assets.xcassets in Resources */ = {isa = PBXBuildFile; fileRef = D5CA0004296726BF00A8221E /* Assets.xcassets */; };
		D5CA0008296726BF00A8221E /* Preview Assets.xcassets in Resources */ = {isa = PBXBuildFile; fileRef = D5CA0007296726BF00A8221E /* Preview Assets.xcassets */; };
		D5CA0013296726BF00A8221E /* notebookTests.swift in Sources */ = {isa = PBXBuildFile; fileRef = D5CA0012296726BF00A8221E /* notebookTests.swift */; };
		D5CA001D296726BF00A8221E /* notebookUITests.swift in Sources */ = {isa = PBXBuildFile; fileRef = D5CA001C296726BF00A8221E /* notebookUITests.swift */; };
		D5CA001F296726BF00A8221E /* notebookUITestsLaunchTests.swift in Sources */ = {isa = PBXBuildFile; fileRef = D5CA001E296726BF00A8221E /* notebookUITestsLaunchTests.swift */; };
		D5CA002C296DD07700A8221E /* TaskDetail.swift in Sources */ = {isa = PBXBuildFile; fileRef = D5CA002B296DD07700A8221E /* TaskDetail.swift */; };
		D5CA003B2998E19500A8221E /* UseCase.swift in Sources */ = {isa = PBXBuildFile; fileRef = D5CA003A2998E19500A8221E /* UseCase.swift */; };
/* End PBXBuildFile section */

/* Begin PBXContainerItemProxy section */
		D5CA000F296726BF00A8221E /* PBXContainerItemProxy */ = {
			isa = PBXContainerItemProxy;
			containerPortal = D5CAFFF5296726BE00A8221E /* Project object */;
			proxyType = 1;
			remoteGlobalIDString = D5CAFFFC296726BE00A8221E;
			remoteInfo = notebook;
		};
		D5CA0019296726BF00A8221E /* PBXContainerItemProxy */ = {
			isa = PBXContainerItemProxy;
			containerPortal = D5CAFFF5296726BE00A8221E /* Project object */;
			proxyType = 1;
			remoteGlobalIDString = D5CAFFFC296726BE00A8221E;
			remoteInfo = notebook;
		};
/* End PBXContainerItemProxy section */

/* Begin PBXFileReference section */
		D5783A5629AE93ED00260C20 /* Record.swift */ = {isa = PBXFileReference; lastKnownFileType = sourcecode.swift; path = Record.swift; sourceTree = "<group>"; };
		D5783A5829AE940F00260C20 /* Extensions.swift */ = {isa = PBXFileReference; lastKnownFileType = sourcecode.swift; path = Extensions.swift; sourceTree = "<group>"; };
		D5CA0000296726BE00A8221E /* notebookApp.swift */ = {isa = PBXFileReference; lastKnownFileType = sourcecode.swift; path = notebookApp.swift; sourceTree = "<group>"; };
		D5CA0002296726BE00A8221E /* ContentView.swift */ = {isa = PBXFileReference; lastKnownFileType = sourcecode.swift; path = ContentView.swift; sourceTree = "<group>"; };
		D5CA0004296726BF00A8221E /* Assets.xcassets */ = {isa = PBXFileReference; lastKnownFileType = folder.assetcatalog; path = Assets.xcassets; sourceTree = "<group>"; };
		D5CA0007296726BF00A8221E /* Preview Assets.xcassets */ = {isa = PBXFileReference; lastKnownFileType = folder.assetcatalog; path = "Preview Assets.xcassets"; sourceTree = "<group>"; };
		D5CA0009296726BF00A8221E /* notebook.entitlements */ = {isa = PBXFileReference; lastKnownFileType = text.plist.entitlements; path = notebook.entitlements; sourceTree = "<group>"; };
		D5CA000E296726BF00A8221E /* notebookTests.xctest */ = {isa = PBXFileReference; explicitFileType = wrapper.cfbundle; includeInIndex = 0; path = notebookTests.xctest; sourceTree = BUILT_PRODUCTS_DIR; };
		D5CA0012296726BF00A8221E /* notebookTests.swift */ = {isa = PBXFileReference; lastKnownFileType = sourcecode.swift; path = notebookTests.swift; sourceTree = "<group>"; };
		D5CA0018296726BF00A8221E /* notebookUITests.xctest */ = {isa = PBXFileReference; explicitFileType = wrapper.cfbundle; includeInIndex = 0; path = notebookUITests.xctest; sourceTree = BUILT_PRODUCTS_DIR; };
		D5CA001C296726BF00A8221E /* notebookUITests.swift */ = {isa = PBXFileReference; lastKnownFileType = sourcecode.swift; path = notebookUITests.swift; sourceTree = "<group>"; };
		D5CA001E296726BF00A8221E /* notebookUITestsLaunchTests.swift */ = {isa = PBXFileReference; lastKnownFileType = sourcecode.swift; path = notebookUITestsLaunchTests.swift; sourceTree = "<group>"; };
		D5CA002B296DD07700A8221E /* TaskDetail.swift */ = {isa = PBXFileReference; lastKnownFileType = sourcecode.swift; path = TaskDetail.swift; sourceTree = "<group>"; };
		D5CA003A2998E19500A8221E /* UseCase.swift */ = {isa = PBXFileReference; lastKnownFileType = sourcecode.swift; path = UseCase.swift; sourceTree = "<group>"; };
		D5CAFFFD296726BE00A8221E /* notebook.app */ = {isa = PBXFileReference; explicitFileType = wrapper.application; includeInIndex = 0; path = notebook.app; sourceTree = BUILT_PRODUCTS_DIR; };
/* End PBXFileReference section */

/* Begin PBXFrameworksBuildPhase section */
		D5CA000B296726BF00A8221E /* Frameworks */ = {
			isa = PBXFrameworksBuildPhase;
			buildActionMask = 2147483647;
			files = (
			);
			runOnlyForDeploymentPostprocessing = 0;
		};
		D5CA0015296726BF00A8221E /* Frameworks */ = {
			isa = PBXFrameworksBuildPhase;
			buildActionMask = 2147483647;
			files = (
			);
			runOnlyForDeploymentPostprocessing = 0;
		};
		D5CAFFFA296726BE00A8221E /* Frameworks */ = {
			isa = PBXFrameworksBuildPhase;
			buildActionMask = 2147483647;
			files = (
			);
			runOnlyForDeploymentPostprocessing = 0;
		};
/* End PBXFrameworksBuildPhase section */

/* Begin PBXGroup section */
		D5CA0006296726BF00A8221E /* Preview Content */ = {
			isa = PBXGroup;
			children = (
				D5CA0007296726BF00A8221E /* Preview Assets.xcassets */,
			);
			path = "Preview Content";
			sourceTree = "<group>";
		};
		D5CA0011296726BF00A8221E /* notebookTests */ = {
			isa = PBXGroup;
			children = (
				D5CA0012296726BF00A8221E /* notebookTests.swift */,
			);
			path = notebookTests;
			sourceTree = "<group>";
		};
		D5CA001B296726BF00A8221E /* notebookUITests */ = {
			isa = PBXGroup;
			children = (
				D5CA001C296726BF00A8221E /* notebookUITests.swift */,
				D5CA001E296726BF00A8221E /* notebookUITestsLaunchTests.swift */,
			);
			path = notebookUITests;
			sourceTree = "<group>";
		};
		D5CAFFF4296726BE00A8221E = {
			isa = PBXGroup;
			children = (
				D5CAFFFF296726BE00A8221E /* notebook */,
				D5CA0011296726BF00A8221E /* notebookTests */,
				D5CA001B296726BF00A8221E /* notebookUITests */,
				D5CAFFFE296726BE00A8221E /* Products */,
			);
			sourceTree = "<group>";
		};
		D5CAFFFE296726BE00A8221E /* Products */ = {
			isa = PBXGroup;
			children = (
				D5CAFFFD296726BE00A8221E /* notebook.app */,
				D5CA000E296726BF00A8221E /* notebookTests.xctest */,
				D5CA0018296726BF00A8221E /* notebookUITests.xctest */,
			);
			name = Products;
			sourceTree = "<group>";
		};
		D5CAFFFF296726BE00A8221E /* notebook */ = {
			isa = PBXGroup;
			children = (
				D5CA0000296726BE00A8221E /* notebookApp.swift */,
				D5CA0002296726BE00A8221E /* ContentView.swift */,
				D5CA002B296DD07700A8221E /* TaskDetail.swift */,
				D5CA003A2998E19500A8221E /* UseCase.swift */,
				D5783A5629AE93ED00260C20 /* Record.swift */,
				D5783A5829AE940F00260C20 /* Extensions.swift */,
				D5CA0004296726BF00A8221E /* Assets.xcassets */,
				D5CA0009296726BF00A8221E /* notebook.entitlements */,
				D5CA0006296726BF00A8221E /* Preview Content */,
			);
			path = notebook;
			sourceTree = "<group>";
		};
/* End PBXGroup section */

/* Begin PBXNativeTarget section */
		D5CA000D296726BF00A8221E /* notebookTests */ = {
			isa = PBXNativeTarget;
			buildConfigurationList = D5CA0025296726BF00A8221E /* Build configuration list for PBXNativeTarget "notebookTests" */;
			buildPhases = (
				D5CA000A296726BF00A8221E /* Sources */,
				D5CA000B296726BF00A8221E /* Frameworks */,
				D5CA000C296726BF00A8221E /* Resources */,
			);
			buildRules = (
			);
			dependencies = (
				D5CA0010296726BF00A8221E /* PBXTargetDependency */,
			);
			name = notebookTests;
			productName = notebookTests;
			productReference = D5CA000E296726BF00A8221E /* notebookTests.xctest */;
			productType = "com.apple.product-type.bundle.unit-test";
		};
		D5CA0017296726BF00A8221E /* notebookUITests */ = {
			isa = PBXNativeTarget;
			buildConfigurationList = D5CA0028296726BF00A8221E /* Build configuration list for PBXNativeTarget "notebookUITests" */;
			buildPhases = (
				D5CA0014296726BF00A8221E /* Sources */,
				D5CA0015296726BF00A8221E /* Frameworks */,
				D5CA0016296726BF00A8221E /* Resources */,
			);
			buildRules = (
			);
			dependencies = (
				D5CA001A296726BF00A8221E /* PBXTargetDependency */,
			);
			name = notebookUITests;
			productName = notebookUITests;
			productReference = D5CA0018296726BF00A8221E /* notebookUITests.xctest */;
			productType = "com.apple.product-type.bundle.ui-testing";
		};
		D5CAFFFC296726BE00A8221E /* notebook */ = {
			isa = PBXNativeTarget;
			buildConfigurationList = D5CA0022296726BF00A8221E /* Build configuration list for PBXNativeTarget "notebook" */;
			buildPhases = (
				D5CAFFF9296726BE00A8221E /* Sources */,
				D5CAFFFA296726BE00A8221E /* Frameworks */,
				D5CAFFFB296726BE00A8221E /* Resources */,
			);
			buildRules = (
			);
			dependencies = (
			);
			name = notebook;
			productName = notebook;
			productReference = D5CAFFFD296726BE00A8221E /* notebook.app */;
			productType = "com.apple.product-type.application";
		};
/* End PBXNativeTarget section */

/* Begin PBXProject section */
		D5CAFFF5296726BE00A8221E /* Project object */ = {
			isa = PBXProject;
			attributes = {
				BuildIndependentTargetsInParallel = 1;
				LastSwiftUpdateCheck = 1420;
				LastUpgradeCheck = 1420;
				TargetAttributes = {
					D5CA000D296726BF00A8221E = {
						CreatedOnToolsVersion = 14.2;
						TestTargetID = D5CAFFFC296726BE00A8221E;
					};
					D5CA0017296726BF00A8221E = {
						CreatedOnToolsVersion = 14.2;
						TestTargetID = D5CAFFFC296726BE00A8221E;
					};
					D5CAFFFC296726BE00A8221E = {
						CreatedOnToolsVersion = 14.2;
					};
				};
			};
			buildConfigurationList = D5CAFFF8296726BE00A8221E /* Build configuration list for PBXProject "notebook" */;
			compatibilityVersion = "Xcode 14.0";
			developmentRegion = en;
			hasScannedForEncodings = 0;
			knownRegions = (
				en,
				Base,
			);
			mainGroup = D5CAFFF4296726BE00A8221E;
			productRefGroup = D5CAFFFE296726BE00A8221E /* Products */;
			projectDirPath = "";
			projectRoot = "";
			targets = (
				D5CAFFFC296726BE00A8221E /* notebook */,
				D5CA000D296726BF00A8221E /* notebookTests */,
				D5CA0017296726BF00A8221E /* notebookUITests */,
			);
		};
/* End PBXProject section */

/* Begin PBXResourcesBuildPhase section */
		D5CA000C296726BF00A8221E /* Resources */ = {
			isa = PBXResourcesBuildPhase;
			buildActionMask = 2147483647;
			files = (
			);
			runOnlyForDeploymentPostprocessing = 0;
		};
		D5CA0016296726BF00A8221E /* Resources */ = {
			isa = PBXResourcesBuildPhase;
			buildActionMask = 2147483647;
			files = (
			);
			runOnlyForDeploymentPostprocessing = 0;
		};
		D5CAFFFB296726BE00A8221E /* Resources */ = {
			isa = PBXResourcesBuildPhase;
			buildActionMask = 2147483647;
			files = (
				D5CA0008296726BF00A8221E /* Preview Assets.xcassets in Resources */,
				D5CA0005296726BF00A8221E /* Assets.xcassets in Resources */,
			);
			runOnlyForDeploymentPostprocessing = 0;
		};
/* End PBXResourcesBuildPhase section */

/* Begin PBXSourcesBuildPhase section */
		D5CA000A296726BF00A8221E /* Sources */ = {
			isa = PBXSourcesBuildPhase;
			buildActionMask = 2147483647;
			files = (
				D5CA0013296726BF00A8221E /* notebookTests.swift in Sources */,
			);
			runOnlyForDeploymentPostprocessing = 0;
		};
		D5CA0014296726BF00A8221E /* Sources */ = {
			isa = PBXSourcesBuildPhase;
			buildActionMask = 2147483647;
			files = (
				D5CA001F296726BF00A8221E /* notebookUITestsLaunchTests.swift in Sources */,
				D5CA001D296726BF00A8221E /* notebookUITests.swift in Sources */,
			);
			runOnlyForDeploymentPostprocessing = 0;
		};
		D5CAFFF9296726BE00A8221E /* Sources */ = {
			isa = PBXSourcesBuildPhase;
			buildActionMask = 2147483647;
			files = (
				D5CA0003296726BE00A8221E /* ContentView.swift in Sources */,
				D5783A5929AE940F00260C20 /* Extensions.swift in Sources */,
				D5CA003B2998E19500A8221E /* UseCase.swift in Sources */,
				D5783A5729AE93ED00260C20 /* Record.swift in Sources */,
				D5CA002C296DD07700A8221E /* TaskDetail.swift in Sources */,
				D5CA0001296726BE00A8221E /* notebookApp.swift in Sources */,
			);
			runOnlyForDeploymentPostprocessing = 0;
		};
/* End PBXSourcesBuildPhase section */

/* Begin PBXTargetDependency section */
		D5CA0010296726BF00A8221E /* PBXTargetDependency */ = {
			isa = PBXTargetDependency;
			target = D5CAFFFC296726BE00A8221E /* notebook */;
			targetProxy = D5CA000F296726BF00A8221E /* PBXContainerItemProxy */;
		};
		D5CA001A296726BF00A8221E /* PBXTargetDependency */ = {
			isa = PBXTargetDependency;
			target = D5CAFFFC296726BE00A8221E /* notebook */;
			targetProxy = D5CA0019296726BF00A8221E /* PBXContainerItemProxy */;
		};
/* End PBXTargetDependency section */

/* Begin XCBuildConfiguration section */
		D5CA0020296726BF00A8221E /* Debug */ = {
			isa = XCBuildConfiguration;
			buildSettings = {
				ALWAYS_SEARCH_USER_PATHS = NO;
				CLANG_ANALYZER_NONNULL = YES;
				CLANG_ANALYZER_NUMBER_OBJECT_CONVERSION = YES_AGGRESSIVE;
				CLANG_CXX_LANGUAGE_STANDARD = "gnu++20";
				CLANG_ENABLE_MODULES = YES;
				CLANG_ENABLE_OBJC_ARC = YES;
				CLANG_ENABLE_OBJC_WEAK = YES;
				CLANG_WARN_BLOCK_CAPTURE_AUTORELEASING = YES;
				CLANG_WARN_BOOL_CONVERSION = YES;
				CLANG_WARN_COMMA = YES;
				CLANG_WARN_CONSTANT_CONVERSION = YES;
				CLANG_WARN_DEPRECATED_OBJC_IMPLEMENTATIONS = YES;
				CLANG_WARN_DIRECT_OBJC_ISA_USAGE = YES_ERROR;
				CLANG_WARN_DOCUMENTATION_COMMENTS = YES;
				CLANG_WARN_EMPTY_BODY = YES;
				CLANG_WARN_ENUM_CONVERSION = YES;
				CLANG_WARN_INFINITE_RECURSION = YES;
				CLANG_WARN_INT_CONVERSION = YES;
				CLANG_WARN_NON_LITERAL_NULL_CONVERSION = YES;
				CLANG_WARN_OBJC_IMPLICIT_RETAIN_SELF = YES;
				CLANG_WARN_OBJC_LITERAL_CONVERSION = YES;
				CLANG_WARN_OBJC_ROOT_CLASS = YES_ERROR;
				CLANG_WARN_QUOTED_INCLUDE_IN_FRAMEWORK_HEADER = YES;
				CLANG_WARN_RANGE_LOOP_ANALYSIS = YES;
				CLANG_WARN_STRICT_PROTOTYPES = YES;
				CLANG_WARN_SUSPICIOUS_MOVE = YES;
				CLANG_WARN_UNGUARDED_AVAILABILITY = YES_AGGRESSIVE;
				CLANG_WARN_UNREACHABLE_CODE = YES;
				CLANG_WARN__DUPLICATE_METHOD_MATCH = YES;
				COPY_PHASE_STRIP = NO;
				DEBUG_INFORMATION_FORMAT = dwarf;
				ENABLE_STRICT_OBJC_MSGSEND = YES;
				ENABLE_TESTABILITY = YES;
				GCC_C_LANGUAGE_STANDARD = gnu11;
				GCC_DYNAMIC_NO_PIC = NO;
				GCC_NO_COMMON_BLOCKS = YES;
				GCC_OPTIMIZATION_LEVEL = 0;
				GCC_PREPROCESSOR_DEFINITIONS = (
					"DEBUG=1",
					"$(inherited)",
				);
				GCC_WARN_64_TO_32_BIT_CONVERSION = YES;
				GCC_WARN_ABOUT_RETURN_TYPE = YES_ERROR;
				GCC_WARN_UNDECLARED_SELECTOR = YES;
				GCC_WARN_UNINITIALIZED_AUTOS = YES_AGGRESSIVE;
				GCC_WARN_UNUSED_FUNCTION = YES;
				GCC_WARN_UNUSED_VARIABLE = YES;
				MACOSX_DEPLOYMENT_TARGET = 13.1;
				MTL_ENABLE_DEBUG_INFO = INCLUDE_SOURCE;
				MTL_FAST_MATH = YES;
				ONLY_ACTIVE_ARCH = YES;
				SDKROOT = macosx;
				SWIFT_ACTIVE_COMPILATION_CONDITIONS = DEBUG;
				SWIFT_OPTIMIZATION_LEVEL = "-Onone";
			};
			name = Debug;
		};
		D5CA0021296726BF00A8221E /* Release */ = {
			isa = XCBuildConfiguration;
			buildSettings = {
				ALWAYS_SEARCH_USER_PATHS = NO;
				CLANG_ANALYZER_NONNULL = YES;
				CLANG_ANALYZER_NUMBER_OBJECT_CONVERSION = YES_AGGRESSIVE;
				CLANG_CXX_LANGUAGE_STANDARD = "gnu++20";
				CLANG_ENABLE_MODULES = YES;
				CLANG_ENABLE_OBJC_ARC = YES;
				CLANG_ENABLE_OBJC_WEAK = YES;
				CLANG_WARN_BLOCK_CAPTURE_AUTORELEASING = YES;
				CLANG_WARN_BOOL_CONVERSION = YES;
				CLANG_WARN_COMMA = YES;
				CLANG_WARN_CONSTANT_CONVERSION = YES;
				CLANG_WARN_DEPRECATED_OBJC_IMPLEMENTATIONS = YES;
				CLANG_WARN_DIRECT_OBJC_ISA_USAGE = YES_ERROR;
				CLANG_WARN_DOCUMENTATION_COMMENTS = YES;
				CLANG_WARN_EMPTY_BODY = YES;
				CLANG_WARN_ENUM_CONVERSION = YES;
				CLANG_WARN_INFINITE_RECURSION = YES;
				CLANG_WARN_INT_CONVERSION = YES;
				CLANG_WARN_NON_LITERAL_NULL_CONVERSION = YES;
				CLANG_WARN_OBJC_IMPLICIT_RETAIN_SELF = YES;
				CLANG_WARN_OBJC_LITERAL_CONVERSION = YES;
				CLANG_WARN_OBJC_ROOT_CLASS = YES_ERROR;
				CLANG_WARN_QUOTED_INCLUDE_IN_FRAMEWORK_HEADER = YES;
				CLANG_WARN_RANGE_LOOP_ANALYSIS = YES;
				CLANG_WARN_STRICT_PROTOTYPES = YES;
				CLANG_WARN_SUSPICIOUS_MOVE = YES;
				CLANG_WARN_UNGUARDED_AVAILABILITY = YES_AGGRESSIVE;
				CLANG_WARN_UNREACHABLE_CODE = YES;
				CLANG_WARN__DUPLICATE_METHOD_MATCH = YES;
				COPY_PHASE_STRIP = NO;
				DEBUG_INFORMATION_FORMAT = "dwarf-with-dsym";
				ENABLE_NS_ASSERTIONS = NO;
				ENABLE_STRICT_OBJC_MSGSEND = YES;
				GCC_C_LANGUAGE_STANDARD = gnu11;
				GCC_NO_COMMON_BLOCKS = YES;
				GCC_WARN_64_TO_32_BIT_CONVERSION = YES;
				GCC_WARN_ABOUT_RETURN_TYPE = YES_ERROR;
				GCC_WARN_UNDECLARED_SELECTOR = YES;
				GCC_WARN_UNINITIALIZED_AUTOS = YES_AGGRESSIVE;
				GCC_WARN_UNUSED_FUNCTION = YES;
				GCC_WARN_UNUSED_VARIABLE = YES;
				MACOSX_DEPLOYMENT_TARGET = 13.1;
				MTL_ENABLE_DEBUG_INFO = NO;
				MTL_FAST_MATH = YES;
				SDKROOT = macosx;
				SWIFT_COMPILATION_MODE = wholemodule;
				SWIFT_OPTIMIZATION_LEVEL = "-O";
			};
			name = Release;
		};
		D5CA0023296726BF00A8221E /* Debug */ = {
			isa = XCBuildConfiguration;
			buildSettings = {
				ASSETCATALOG_COMPILER_APPICON_NAME = AppIcon;
				ASSETCATALOG_COMPILER_GLOBAL_ACCENT_COLOR_NAME = AccentColor;
				CODE_SIGN_ENTITLEMENTS = notebook/notebook.entitlements;
				CODE_SIGN_STYLE = Automatic;
				COMBINE_HIDPI_IMAGES = YES;
				CURRENT_PROJECT_VERSION = 1;
				DEVELOPMENT_ASSET_PATHS = "\"notebook/Preview Content\"";
				ENABLE_PREVIEWS = YES;
				GENERATE_INFOPLIST_FILE = YES;
				INFOPLIST_KEY_NSHumanReadableCopyright = "";
				LD_RUNPATH_SEARCH_PATHS = (
					"$(inherited)",
					"@executable_path/../Frameworks",
				);
				MARKETING_VERSION = 1.0;
				PRODUCT_BUNDLE_IDENTIFIER = ru.vector.notebook;
				PRODUCT_NAME = "$(TARGET_NAME)";
				SWIFT_EMIT_LOC_STRINGS = YES;
				SWIFT_VERSION = 5.0;
			};
			name = Debug;
		};
		D5CA0024296726BF00A8221E /* Release */ = {
			isa = XCBuildConfiguration;
			buildSettings = {
				ASSETCATALOG_COMPILER_APPICON_NAME = AppIcon;
				ASSETCATALOG_COMPILER_GLOBAL_ACCENT_COLOR_NAME = AccentColor;
				CODE_SIGN_ENTITLEMENTS = notebook/notebook.entitlements;
				CODE_SIGN_STYLE = Automatic;
				COMBINE_HIDPI_IMAGES = YES;
				CURRENT_PROJECT_VERSION = 1;
				DEVELOPMENT_ASSET_PATHS = "\"notebook/Preview Content\"";
				ENABLE_PREVIEWS = YES;
				GENERATE_INFOPLIST_FILE = YES;
				INFOPLIST_KEY_NSHumanReadableCopyright = "";
				LD_RUNPATH_SEARCH_PATHS = (
					"$(inherited)",
					"@executable_path/../Frameworks",
				);
				MARKETING_VERSION = 1.0;
				PRODUCT_BUNDLE_IDENTIFIER = ru.vector.notebook;
				PRODUCT_NAME = "$(TARGET_NAME)";
				SWIFT_EMIT_LOC_STRINGS = YES;
				SWIFT_VERSION = 5.0;
			};
			name = Release;
		};
		D5CA0026296726BF00A8221E /* Debug */ = {
			isa = XCBuildConfiguration;
			buildSettings = {
				ALWAYS_EMBED_SWIFT_STANDARD_LIBRARIES = YES;
				BUNDLE_LOADER = "$(TEST_HOST)";
				CODE_SIGN_STYLE = Automatic;
				CURRENT_PROJECT_VERSION = 1;
				GENERATE_INFOPLIST_FILE = YES;
				MACOSX_DEPLOYMENT_TARGET = 13.1;
				MARKETING_VERSION = 1.0;
				PRODUCT_BUNDLE_IDENTIFIER = ru.vector.notebookTests;
				PRODUCT_NAME = "$(TARGET_NAME)";
				SWIFT_EMIT_LOC_STRINGS = NO;
				SWIFT_VERSION = 5.0;
				TEST_HOST = "$(BUILT_PRODUCTS_DIR)/notebook.app/$(BUNDLE_EXECUTABLE_FOLDER_PATH)/notebook";
			};
			name = Debug;
		};
		D5CA0027296726BF00A8221E /* Release */ = {
			isa = XCBuildConfiguration;
			buildSettings = {
				ALWAYS_EMBED_SWIFT_STANDARD_LIBRARIES = YES;
				BUNDLE_LOADER = "$(TEST_HOST)";
				CODE_SIGN_STYLE = Automatic;
				CURRENT_PROJECT_VERSION = 1;
				GENERATE_INFOPLIST_FILE = YES;
				MACOSX_DEPLOYMENT_TARGET = 13.1;
				MARKETING_VERSION = 1.0;
				PRODUCT_BUNDLE_IDENTIFIER = ru.vector.notebookTests;
				PRODUCT_NAME = "$(TARGET_NAME)";
				SWIFT_EMIT_LOC_STRINGS = NO;
				SWIFT_VERSION = 5.0;
				TEST_HOST = "$(BUILT_PRODUCTS_DIR)/notebook.app/$(BUNDLE_EXECUTABLE_FOLDER_PATH)/notebook";
			};
			name = Release;
		};
		D5CA0029296726BF00A8221E /* Debug */ = {
			isa = XCBuildConfiguration;
			buildSettings = {
				ALWAYS_EMBED_SWIFT_STANDARD_LIBRARIES = YES;
				CODE_SIGN_STYLE = Automatic;
				CURRENT_PROJECT_VERSION = 1;
				GENERATE_INFOPLIST_FILE = YES;
				MARKETING_VERSION = 1.0;
				PRODUCT_BUNDLE_IDENTIFIER = ru.vector.notebookUITests;
				PRODUCT_NAME = "$(TARGET_NAME)";
				SWIFT_EMIT_LOC_STRINGS = NO;
				SWIFT_VERSION = 5.0;
				TEST_TARGET_NAME = notebook;
			};
			name = Debug;
		};
		D5CA002A296726BF00A8221E /* Release */ = {
			isa = XCBuildConfiguration;
			buildSettings = {
				ALWAYS_EMBED_SWIFT_STANDARD_LIBRARIES = YES;
				CODE_SIGN_STYLE = Automatic;
				CURRENT_PROJECT_VERSION = 1;
				GENERATE_INFOPLIST_FILE = YES;
				MARKETING_VERSION = 1.0;
				PRODUCT_BUNDLE_IDENTIFIER = ru.vector.notebookUITests;
				PRODUCT_NAME = "$(TARGET_NAME)";
				SWIFT_EMIT_LOC_STRINGS = NO;
				SWIFT_VERSION = 5.0;
				TEST_TARGET_NAME = notebook;
			};
			name = Release;
		};
/* End XCBuildConfiguration section */

/* Begin XCConfigurationList section */
		D5CA0022296726BF00A8221E /* Build configuration list for PBXNativeTarget "notebook" */ = {
			isa = XCConfigurationList;
			buildConfigurations = (
				D5CA0023296726BF00A8221E /* Debug */,
				D5CA0024296726BF00A8221E /* Release */,
			);
			defaultConfigurationIsVisible = 0;
			defaultConfigurationName = Release;
		};
		D5CA0025296726BF00A8221E /* Build configuration list for PBXNativeTarget "notebookTests" */ = {
			isa = XCConfigurationList;
			buildConfigurations = (
				D5CA0026296726BF00A8221E /* Debug */,
				D5CA0027296726BF00A8221E /* Release */,
			);
			defaultConfigurationIsVisible = 0;
			defaultConfigurationName = Release;
		};
		D5CA0028296726BF00A8221E /* Build configuration list for PBXNativeTarget "notebookUITests" */ = {
			isa = XCConfigurationList;
			buildConfigurations = (
				D5CA0029296726BF00A8221E /* Debug */,
				D5CA002A296726BF00A8221E /* Release */,
			);
			defaultConfigurationIsVisible = 0;
			defaultConfigurationName = Release;
		};
		D5CAFFF8296726BE00A8221E /* Build configuration list for PBXProject "notebook" */ = {
			isa = XCConfigurationList;
			buildConfigurations = (
				D5CA0020296726BF00A8221E /* Debug */,
				D5CA0021296726BF00A8221E /* Release */,
			);
			defaultConfigurationIsVisible = 0;
			defaultConfigurationName = Release;
		};
/* End XCConfigurationList section */
	};
	rootObject = D5CAFFF5296726BE00A8221E /* Project object */;
}
